
Microsoft Visual Studio Solution File, Format Version 12.00
# Visual Studio Version 17
VisualStudioVersion = 17.5.002.0
MinimumVisualStudioVersion = 10.0.40219.1
Project("{9A19103F-16F7-4668-BE54-9A1E7A4F7556}") = "webapi", "webapi.csproj", "{7EBC5921-CA84-47C1-B27F-C9DA867CBAEF}"
EndProject
Global
	GlobalSection(SolutionConfigurationPlatforms) = preSolution
		Debug|Any CPU = Debug|Any CPU
		Release|Any CPU = Release|Any CPU
	EndGlobalSection
	GlobalSection(ProjectConfigurationPlatforms) = postSolution
		{7EBC5921-CA84-47C1-B27F-C9DA867CBAEF}.Debug|Any CPU.ActiveCfg = Debug|Any CPU
		{7EBC5921-CA84-47C1-B27F-C9DA867CBAEF}.Debug|Any CPU.Build.0 = Debug|Any CPU
		{7EBC5921-CA84-47C1-B27F-C9DA867CBAEF}.Release|Any CPU.ActiveCfg = Release|Any CPU
		{7EBC5921-CA84-47C1-B27F-C9DA867CBAEF}.Release|Any CPU.Build.0 = Release|Any CPU
	EndGlobalSection
	GlobalSection(SolutionProperties) = preSolution
		HideSolutionNode = FALSE
	EndGlobalSection
	GlobalSection(ExtensibilityGlobals) = postSolution
		SolutionGuid = {6604C776-0027-40A9-A3C7-A9781383EFBD}
	EndGlobalSection
EndGlobal
